
Microsoft Visual Studio Solution File, Format Version 12.00
# Visual Studio Version 17
VisualStudioVersion = 17.9.34714.143
MinimumVisualStudioVersion = 10.0.40219.1
Project("{8BC9CEB8-8B4A-11D0-8D11-00A0C91BC942}") = "Project1", "Project1\Project1.vcxproj", "{6BE51843-1742-41E9-AE79-03EDFC7356AB}"
EndProject
Global
	GlobalSection(SolutionConfigurationPlatforms) = preSolution
		Debug|x64 = Debug|x64
		Debug|x86 = Debug|x86
		Release|x64 = Release|x64
		Release|x86 = Release|x86
	EndGlobalSection
	GlobalSection(ProjectConfigurationPlatforms) = postSolution
		{6BE51843-1742-41E9-AE79-03EDFC7356AB}.Debug|x64.ActiveCfg = Debug|x64
		{6BE51843-1742-41E9-AE79-03EDFC7356AB}.Debug|x64.Build.0 = Debug|x64
		{6BE51843-1742-41E9-AE79-03EDFC7356AB}.Debug|x86.ActiveCfg = Debug|Win32
		{6BE51843-1742-41E9-AE79-03EDFC7356AB}.Debug|x86.Build.0 = Debug|Win32
		{6BE51843-1742-41E9-AE79-03EDFC7356AB}.Release|x64.ActiveCfg = Release|x64
		{6BE51843-1742-41E9-AE79-03EDFC7356AB}.Release|x64.Build.0 = Release|x64
		{6BE51843-1742-41E9-AE79-03EDFC7356AB}.Release|x86.ActiveCfg = Release|Win32
		{6BE51843-1742-41E9-AE79-03EDFC7356AB}.Release|x86.Build.0 = Release|Win32
	EndGlobalSection
	GlobalSection(SolutionProperties) = preSolution
		HideSolutionNode = FALSE
	EndGlobalSection
	GlobalSection(ExtensibilityGlobals) = postSolution
		SolutionGuid = {536CFAC3-81AA-47BF-87B6-CC50C2935010}
	EndGlobalSection
EndGlobal
